
Microsoft Visual Studio Solution File, Format Version 12.00
# Visual Studio Version 17
VisualStudioVersion = 17.5.33530.505
MinimumVisualStudioVersion = 10.0.40219.1
Project("{FAE04EC0-301F-11D3-BF4B-00C04F79EFBC}") = "Joke", "Joke\Joke.csproj", "{78C930EA-64EA-4A9C-B39B-378B0FF6D993}"
EndProject
Project("{FAE04EC0-301F-11D3-BF4B-00C04F79EFBC}") = "TestsJoke", "TestsJoke\TestsJoke.csproj", "{CCE161E3-B663-4124-B747-C041B41E5F0D}"
EndProject
Global
	GlobalSection(SolutionConfigurationPlatforms) = preSolution
		Debug|Any CPU = Debug|Any CPU
		Release|Any CPU = Release|Any CPU
	EndGlobalSection
	GlobalSection(ProjectConfigurationPlatforms) = postSolution
		{78C930EA-64EA-4A9C-B39B-378B0FF6D993}.Debug|Any CPU.ActiveCfg = Debug|Any CPU
		{78C930EA-64EA-4A9C-B39B-378B0FF6D993}.Debug|Any CPU.Build.0 = Debug|Any CPU
		{78C930EA-64EA-4A9C-B39B-378B0FF6D993}.Release|Any CPU.ActiveCfg = Release|Any CPU
		{78C930EA-64EA-4A9C-B39B-378B0FF6D993}.Release|Any CPU.Build.0 = Release|Any CPU
		{CCE161E3-B663-4124-B747-C041B41E5F0D}.Debug|Any CPU.ActiveCfg = Debug|Any CPU
		{CCE161E3-B663-4124-B747-C041B41E5F0D}.Debug|Any CPU.Build.0 = Debug|Any CPU
		{CCE161E3-B663-4124-B747-C041B41E5F0D}.Release|Any CPU.ActiveCfg = Release|Any CPU
		{CCE161E3-B663-4124-B747-C041B41E5F0D}.Release|Any CPU.Build.0 = Release|Any CPU
	EndGlobalSection
	GlobalSection(SolutionProperties) = preSolution
		HideSolutionNode = FALSE
	EndGlobalSection
	GlobalSection(ExtensibilityGlobals) = postSolution
		SolutionGuid = {BF7FB78C-0428-4A80-8A00-38F92E652DDF}
	EndGlobalSection
EndGlobal
