
Microsoft Visual Studio Solution File, Format Version 12.00
# Visual Studio Version 17
VisualStudioVersion = 17.5.33530.505
MinimumVisualStudioVersion = 10.0.40219.1
Project("{FAE04EC0-301F-11D3-BF4B-00C04F79EFBC}") = "PrimeService.Tests", "GMI2J3_2_2_h21vicbl\PrimeService.Tests.csproj", "{2F772F7E-41F7-4154-92A4-6D5A99501C99}"
EndProject
Project("{FAE04EC0-301F-11D3-BF4B-00C04F79EFBC}") = "PrimeService", "PrimeService\PrimeService.csproj", "{6BF296F2-A1A0-448C-ABCA-F8E7E49F2448}"
EndProject
Global
	GlobalSection(SolutionConfigurationPlatforms) = preSolution
		Debug|Any CPU = Debug|Any CPU
		Release|Any CPU = Release|Any CPU
	EndGlobalSection
	GlobalSection(ProjectConfigurationPlatforms) = postSolution
		{2F772F7E-41F7-4154-92A4-6D5A99501C99}.Debug|Any CPU.ActiveCfg = Debug|Any CPU
		{2F772F7E-41F7-4154-92A4-6D5A99501C99}.Debug|Any CPU.Build.0 = Debug|Any CPU
		{2F772F7E-41F7-4154-92A4-6D5A99501C99}.Release|Any CPU.ActiveCfg = Release|Any CPU
		{2F772F7E-41F7-4154-92A4-6D5A99501C99}.Release|Any CPU.Build.0 = Release|Any CPU
		{6BF296F2-A1A0-448C-ABCA-F8E7E49F2448}.Debug|Any CPU.ActiveCfg = Debug|Any CPU
		{6BF296F2-A1A0-448C-ABCA-F8E7E49F2448}.Debug|Any CPU.Build.0 = Debug|Any CPU
		{6BF296F2-A1A0-448C-ABCA-F8E7E49F2448}.Release|Any CPU.ActiveCfg = Release|Any CPU
		{6BF296F2-A1A0-448C-ABCA-F8E7E49F2448}.Release|Any CPU.Build.0 = Release|Any CPU
	EndGlobalSection
	GlobalSection(SolutionProperties) = preSolution
		HideSolutionNode = FALSE
	EndGlobalSection
	GlobalSection(ExtensibilityGlobals) = postSolution
		SolutionGuid = {F14A806C-DB03-4E7C-8D56-7784542FFA2F}
	EndGlobalSection
EndGlobal
